
Microsoft Visual Studio Solution File, Format Version 12.00
# Visual Studio 15
VisualStudioVersion = 15.0.28307.168
MinimumVisualStudioVersion = 10.0.40219.1
Project("{8BC9CEB8-8B4A-11D0-8D11-00A0C91BC942}") = "tsl-make-block", "tsl-make-block\tsl-make-block.vcxproj", "{C5B9605D-1B89-4596-A879-4EA36D1BF847}"
EndProject
Global
	GlobalSection(SolutionConfigurationPlatforms) = preSolution
		Debug|x64 = Debug|x64
		Debug|x86 = Debug|x86
		Release|x64 = Release|x64
		Release|x86 = Release|x86
	EndGlobalSection
	GlobalSection(ProjectConfigurationPlatforms) = postSolution
		{C5B9605D-1B89-4596-A879-4EA36D1BF847}.Debug|x64.ActiveCfg = Debug|x64
		{C5B9605D-1B89-4596-A879-4EA36D1BF847}.Debug|x64.Build.0 = Debug|x64
		{C5B9605D-1B89-4596-A879-4EA36D1BF847}.Debug|x86.ActiveCfg = Debug|Win32
		{C5B9605D-1B89-4596-A879-4EA36D1BF847}.Debug|x86.Build.0 = Debug|Win32
		{C5B9605D-1B89-4596-A879-4EA36D1BF847}.Release|x64.ActiveCfg = Release|x64
		{C5B9605D-1B89-4596-A879-4EA36D1BF847}.Release|x64.Build.0 = Release|x64
		{C5B9605D-1B89-4596-A879-4EA36D1BF847}.Release|x86.ActiveCfg = Release|Win32
		{C5B9605D-1B89-4596-A879-4EA36D1BF847}.Release|x86.Build.0 = Release|Win32
	EndGlobalSection
	GlobalSection(SolutionProperties) = preSolution
		HideSolutionNode = FALSE
	EndGlobalSection
	GlobalSection(ExtensibilityGlobals) = postSolution
		SolutionGuid = {3CCF9742-9EED-48EC-8478-71DE7C44521F}
	EndGlobalSection
EndGlobal
