
Microsoft Visual Studio Solution File, Format Version 12.00
# Visual Studio 15
VisualStudioVersion = 15.0.27004.2006
MinimumVisualStudioVersion = 10.0.40219.1
Project("{8BC9CEB8-8B4A-11D0-8D11-00A0C91BC942}") = "eeprom-util", "eeprom-util\eeprom-util.vcxproj", "{B0CBC72B-6CAE-4758-A5E4-AEA46F20561B}"
EndProject
Global
	GlobalSection(SolutionConfigurationPlatforms) = preSolution
		Debug|x64 = Debug|x64
		Debug|x86 = Debug|x86
		Release|x64 = Release|x64
		Release|x86 = Release|x86
	EndGlobalSection
	GlobalSection(ProjectConfigurationPlatforms) = postSolution
		{B0CBC72B-6CAE-4758-A5E4-AEA46F20561B}.Debug|x64.ActiveCfg = Debug|x64
		{B0CBC72B-6CAE-4758-A5E4-AEA46F20561B}.Debug|x64.Build.0 = Debug|x64
		{B0CBC72B-6CAE-4758-A5E4-AEA46F20561B}.Debug|x86.ActiveCfg = Debug|Win32
		{B0CBC72B-6CAE-4758-A5E4-AEA46F20561B}.Debug|x86.Build.0 = Debug|Win32
		{B0CBC72B-6CAE-4758-A5E4-AEA46F20561B}.Release|x64.ActiveCfg = Release|x64
		{B0CBC72B-6CAE-4758-A5E4-AEA46F20561B}.Release|x64.Build.0 = Release|x64
		{B0CBC72B-6CAE-4758-A5E4-AEA46F20561B}.Release|x86.ActiveCfg = Release|Win32
		{B0CBC72B-6CAE-4758-A5E4-AEA46F20561B}.Release|x86.Build.0 = Release|Win32
	EndGlobalSection
	GlobalSection(SolutionProperties) = preSolution
		HideSolutionNode = FALSE
	EndGlobalSection
	GlobalSection(ExtensibilityGlobals) = postSolution
		SolutionGuid = {2A96040E-58C2-4C3D-96EC-24E49B33DC8B}
	EndGlobalSection
EndGlobal
